
Microsoft Visual Studio Solution File, Format Version 12.00
# Visual Studio 15
VisualStudioVersion = 15.0.28307.329
MinimumVisualStudioVersion = 10.0.40219.1
Project("{8BC9CEB8-8B4A-11D0-8D11-00A0C91BC942}") = "Tema16_Grafuri_ponderate", "Tema16_Grafuri_ponderate\Tema16_Grafuri_ponderate.vcxproj", "{7D20DDDC-1092-40E0-A8E6-8C1FC6949461}"
EndProject
Global
	GlobalSection(SolutionConfigurationPlatforms) = preSolution
		Debug|x64 = Debug|x64
		Debug|x86 = Debug|x86
		Release|x64 = Release|x64
		Release|x86 = Release|x86
	EndGlobalSection
	GlobalSection(ProjectConfigurationPlatforms) = postSolution
		{7D20DDDC-1092-40E0-A8E6-8C1FC6949461}.Debug|x64.ActiveCfg = Debug|x64
		{7D20DDDC-1092-40E0-A8E6-8C1FC6949461}.Debug|x64.Build.0 = Debug|x64
		{7D20DDDC-1092-40E0-A8E6-8C1FC6949461}.Debug|x86.ActiveCfg = Debug|Win32
		{7D20DDDC-1092-40E0-A8E6-8C1FC6949461}.Debug|x86.Build.0 = Debug|Win32
		{7D20DDDC-1092-40E0-A8E6-8C1FC6949461}.Release|x64.ActiveCfg = Release|x64
		{7D20DDDC-1092-40E0-A8E6-8C1FC6949461}.Release|x64.Build.0 = Release|x64
		{7D20DDDC-1092-40E0-A8E6-8C1FC6949461}.Release|x86.ActiveCfg = Release|Win32
		{7D20DDDC-1092-40E0-A8E6-8C1FC6949461}.Release|x86.Build.0 = Release|Win32
	EndGlobalSection
	GlobalSection(SolutionProperties) = preSolution
		HideSolutionNode = FALSE
	EndGlobalSection
	GlobalSection(ExtensibilityGlobals) = postSolution
		SolutionGuid = {6390515E-8253-46ED-B3BE-559ED1355841}
	EndGlobalSection
EndGlobal
